
Microsoft Visual Studio Solution File, Format Version 12.00
# Visual Studio Version 17
VisualStudioVersion = 17.8.34525.116
MinimumVisualStudioVersion = 10.0.40219.1
Project("{FAE04EC0-301F-11D3-BF4B-00C04F79EFBC}") = "MVC-ApiCall", "MVC-ApiCall\MVC-ApiCall.csproj", "{EBCB5785-AD50-4BFD-AAFF-919BAD7C2784}"
EndProject
Global
	GlobalSection(SolutionConfigurationPlatforms) = preSolution
		Debug|Any CPU = Debug|Any CPU
		Release|Any CPU = Release|Any CPU
	EndGlobalSection
	GlobalSection(ProjectConfigurationPlatforms) = postSolution
		{EBCB5785-AD50-4BFD-AAFF-919BAD7C2784}.Debug|Any CPU.ActiveCfg = Debug|Any CPU
		{EBCB5785-AD50-4BFD-AAFF-919BAD7C2784}.Debug|Any CPU.Build.0 = Debug|Any CPU
		{EBCB5785-AD50-4BFD-AAFF-919BAD7C2784}.Release|Any CPU.ActiveCfg = Release|Any CPU
		{EBCB5785-AD50-4BFD-AAFF-919BAD7C2784}.Release|Any CPU.Build.0 = Release|Any CPU
	EndGlobalSection
	GlobalSection(SolutionProperties) = preSolution
		HideSolutionNode = FALSE
	EndGlobalSection
	GlobalSection(ExtensibilityGlobals) = postSolution
		SolutionGuid = {B25D50D3-1285-4FCF-A28D-05D00A68BEEB}
	EndGlobalSection
EndGlobal
